
Microsoft Visual Studio Solution File, Format Version 12.00
# Visual Studio Version 17
VisualStudioVersion = 17.3.32811.315
MinimumVisualStudioVersion = 10.0.40219.1
Project("{FAE04EC0-301F-11D3-BF4B-00C04F79EFBC}") = "TuViThanh_KtraFE", "TuViThanh_KtraFE\TuViThanh_KtraFE.csproj", "{DB8B6DEC-3CFB-48F1-96CD-E518DEECFD9D}"
EndProject
Global
	GlobalSection(SolutionConfigurationPlatforms) = preSolution
		Debug|Any CPU = Debug|Any CPU
		Release|Any CPU = Release|Any CPU
	EndGlobalSection
	GlobalSection(ProjectConfigurationPlatforms) = postSolution
		{DB8B6DEC-3CFB-48F1-96CD-E518DEECFD9D}.Debug|Any CPU.ActiveCfg = Debug|Any CPU
		{DB8B6DEC-3CFB-48F1-96CD-E518DEECFD9D}.Debug|Any CPU.Build.0 = Debug|Any CPU
		{DB8B6DEC-3CFB-48F1-96CD-E518DEECFD9D}.Release|Any CPU.ActiveCfg = Release|Any CPU
		{DB8B6DEC-3CFB-48F1-96CD-E518DEECFD9D}.Release|Any CPU.Build.0 = Release|Any CPU
	EndGlobalSection
	GlobalSection(SolutionProperties) = preSolution
		HideSolutionNode = FALSE
	EndGlobalSection
	GlobalSection(ExtensibilityGlobals) = postSolution
		SolutionGuid = {8B53C8D8-8100-404B-82D3-2B802DFA9C18}
	EndGlobalSection
EndGlobal
